// !$*UTF8*$!
{
	archiveVersion = 1;
	classes = {
	};
	objectVersion = 46;
	objects = {

/* Begin PBXBuildFile section */
		6643A155147AA11A009D1279 /* UIKit.framework in Frameworks */ = {isa = PBXBuildFile; fileRef = 6643A154147AA11A009D1279 /* UIKit.framework */; };
		6643A157147AA11A009D1279 /* Foundation.framework in Frameworks */ = {isa = PBXBuildFile; fileRef = 6643A156147AA11A009D1279 /* Foundation.framework */; };
		6643A159147AA11A009D1279 /* CoreGraphics.framework in Frameworks */ = {isa = PBXBuildFile; fileRef = 6643A158147AA11A009D1279 /* CoreGraphics.framework */; };
		6643A15F147AA11A009D1279 /* InfoPlist.strings in Resources */ = {isa = PBXBuildFile; fileRef = 6643A15D147AA11A009D1279 /* InfoPlist.strings */; };
		6643A162147AA11A009D1279 /* main.m in Sources */ = {isa = PBXBuildFile; fileRef = 6643A161147AA11A009D1279 /* main.m */; };
		6643A165147AA11A009D1279 /* citylistdemoAppDelegate.m in Sources */ = {isa = PBXBuildFile; fileRef = 6643A164147AA11A009D1279 /* citylistdemoAppDelegate.m */; };
		6643A168147AA11B009D1279 /* MainWindow.xib in Resources */ = {isa = PBXBuildFile; fileRef = 6643A166147AA11B009D1279 /* MainWindow.xib */; };
		6643A16B147AA11B009D1279 /* citylistdemoViewController.m in Sources */ = {isa = PBXBuildFile; fileRef = 6643A16A147AA11B009D1279 /* citylistdemoViewController.m */; };
		6643A16E147AA11B009D1279 /* citylistdemoViewController.xib in Resources */ = {isa = PBXBuildFile; fileRef = 6643A16C147AA11B009D1279 /* citylistdemoViewController.xib */; };
		6643A17A147AA192009D1279 /* check.png in Resources */ = {isa = PBXBuildFile; fileRef = 6643A175147AA192009D1279 /* check.png */; };
		6643A17B147AA192009D1279 /* citydict.plist in Resources */ = {isa = PBXBuildFile; fileRef = 6643A176147AA192009D1279 /* citydict.plist */; };
		66625718147B54AE00ECF3CA /* CityListViewController.m in Sources */ = {isa = PBXBuildFile; fileRef = 66625716147B54AE00ECF3CA /* CityListViewController.m */; };
		66625719147B54AE00ECF3CA /* CityListViewController.xib in Resources */ = {isa = PBXBuildFile; fileRef = 66625717147B54AE00ECF3CA /* CityListViewController.xib */; };
		A227936C16F865800090F906 /* Default-568h@2x.png in Resources */ = {isa = PBXBuildFile; fileRef = A227936B16F865800090F906 /* Default-568h@2x.png */; };
/* End PBXBuildFile section */

/* Begin PBXFileReference section */
		6643A150147AA11A009D1279 /* citylistdemo.app */ = {isa = PBXFileReference; explicitFileType = wrapper.application; includeInIndex = 0; path = citylistdemo.app; sourceTree = BUILT_PRODUCTS_DIR; };
		6643A154147AA11A009D1279 /* UIKit.framework */ = {isa = PBXFileReference; lastKnownFileType = wrapper.framework; name = UIKit.framework; path = System/Library/Frameworks/UIKit.framework; sourceTree = SDKROOT; };
		6643A156147AA11A009D1279 /* Foundation.framework */ = {isa = PBXFileReference; lastKnownFileType = wrapper.framework; name = Foundation.framework; path = System/Library/Frameworks/Foundation.framework; sourceTree = SDKROOT; };
		6643A158147AA11A009D1279 /* CoreGraphics.framework */ = {isa = PBXFileReference; lastKnownFileType = wrapper.framework; name = CoreGraphics.framework; path = System/Library/Frameworks/CoreGraphics.framework; sourceTree = SDKROOT; };
		6643A15C147AA11A009D1279 /* citylistdemo-Info.plist */ = {isa = PBXFileReference; lastKnownFileType = text.plist.xml; path = "citylistdemo-Info.plist"; sourceTree = "<group>"; };
		6643A15E147AA11A009D1279 /* en */ = {isa = PBXFileReference; lastKnownFileType = text.plist.strings; name = en; path = en.lproj/InfoPlist.strings; sourceTree = "<group>"; };
		6643A160147AA11A009D1279 /* citylistdemo-Prefix.pch */ = {isa = PBXFileReference; lastKnownFileType = sourcecode.c.h; path = "citylistdemo-Prefix.pch"; sourceTree = "<group>"; };
		6643A161147AA11A009D1279 /* main.m */ = {isa = PBXFileReference; lastKnownFileType = sourcecode.c.objc; path = main.m; sourceTree = "<group>"; };
		6643A163147AA11A009D1279 /* citylistdemoAppDelegate.h */ = {isa = PBXFileReference; lastKnownFileType = sourcecode.c.h; path = citylistdemoAppDelegate.h; sourceTree = "<group>"; };
		6643A164147AA11A009D1279 /* citylistdemoAppDelegate.m */ = {isa = PBXFileReference; lastKnownFileType = sourcecode.c.objc; path = citylistdemoAppDelegate.m; sourceTree = "<group>"; };
		6643A167147AA11B009D1279 /* en */ = {isa = PBXFileReference; lastKnownFileType = file.xib; name = en; path = en.lproj/MainWindow.xib; sourceTree = "<group>"; };
		6643A169147AA11B009D1279 /* citylistdemoViewController.h */ = {isa = PBXFileReference; lastKnownFileType = sourcecode.c.h; path = citylistdemoViewController.h; sourceTree = "<group>"; };
		6643A16A147AA11B009D1279 /* citylistdemoViewController.m */ = {isa = PBXFileReference; lastKnownFileType = sourcecode.c.objc; path = citylistdemoViewController.m; sourceTree = "<group>"; };
		6643A16D147AA11B009D1279 /* en */ = {isa = PBXFileReference; lastKnownFileType = file.xib; name = en; path = en.lproj/citylistdemoViewController.xib; sourceTree = "<group>"; };
		6643A175147AA192009D1279 /* check.png */ = {isa = PBXFileReference; lastKnownFileType = image.png; path = check.png; sourceTree = "<group>"; };
		6643A176147AA192009D1279 /* citydict.plist */ = {isa = PBXFileReference; fileEncoding = 4; lastKnownFileType = text.plist.xml; path = citydict.plist; sourceTree = "<group>"; };
		66625715147B54AE00ECF3CA /* CityListViewController.h */ = {isa = PBXFileReference; fileEncoding = 4; lastKnownFileType = sourcecode.c.h; path = CityListViewController.h; sourceTree = "<group>"; };
		66625716147B54AE00ECF3CA /* CityListViewController.m */ = {isa = PBXFileReference; fileEncoding = 4; lastKnownFileType = sourcecode.c.objc; path = CityListViewController.m; sourceTree = "<group>"; };
		66625717147B54AE00ECF3CA /* CityListViewController.xib */ = {isa = PBXFileReference; fileEncoding = 4; lastKnownFileType = file.xib; path = CityListViewController.xib; sourceTree = "<group>"; };
		A227936B16F865800090F906 /* Default-568h@2x.png */ = {isa = PBXFileReference; lastKnownFileType = image.png; path = "Default-568h@2x.png"; sourceTree = "<group>"; };
/* End PBXFileReference section */

/* Begin PBXFrameworksBuildPhase section */
		6643A14D147AA11A009D1279 /* Frameworks */ = {
			isa = PBXFrameworksBuildPhase;
			buildActionMask = 2147483647;
			files = (
				6643A155147AA11A009D1279 /* UIKit.framework in Frameworks */,
				6643A157147AA11A009D1279 /* Foundation.framework in Frameworks */,
				6643A159147AA11A009D1279 /* CoreGraphics.framework in Frameworks */,
			);
			runOnlyForDeploymentPostprocessing = 0;
		};
/* End PBXFrameworksBuildPhase section */

/* Begin PBXGroup section */
		6643A145147AA11A009D1279 = {
			isa = PBXGroup;
			children = (
				A227936B16F865800090F906 /* Default-568h@2x.png */,
				6643A174147AA192009D1279 /* citylist */,
				6643A15A147AA11A009D1279 /* citylistdemo */,
				6643A153147AA11A009D1279 /* Frameworks */,
				6643A151147AA11A009D1279 /* Products */,
			);
			sourceTree = "<group>";
		};
		6643A151147AA11A009D1279 /* Products */ = {
			isa = PBXGroup;
			children = (
				6643A150147AA11A009D1279 /* citylistdemo.app */,
			);
			name = Products;
			sourceTree = "<group>";
		};
		6643A153147AA11A009D1279 /* Frameworks */ = {
			isa = PBXGroup;
			children = (
				6643A154147AA11A009D1279 /* UIKit.framework */,
				6643A156147AA11A009D1279 /* Foundation.framework */,
				6643A158147AA11A009D1279 /* CoreGraphics.framework */,
			);
			name = Frameworks;
			sourceTree = "<group>";
		};
		6643A15A147AA11A009D1279 /* citylistdemo */ = {
			isa = PBXGroup;
			children = (
				6643A163147AA11A009D1279 /* citylistdemoAppDelegate.h */,
				6643A164147AA11A009D1279 /* citylistdemoAppDelegate.m */,
				6643A166147AA11B009D1279 /* MainWindow.xib */,
				6643A169147AA11B009D1279 /* citylistdemoViewController.h */,
				6643A16A147AA11B009D1279 /* citylistdemoViewController.m */,
				6643A16C147AA11B009D1279 /* citylistdemoViewController.xib */,
				6643A15B147AA11A009D1279 /* Supporting Files */,
			);
			path = citylistdemo;
			sourceTree = "<group>";
		};
		6643A15B147AA11A009D1279 /* Supporting Files */ = {
			isa = PBXGroup;
			children = (
				6643A15C147AA11A009D1279 /* citylistdemo-Info.plist */,
				6643A15D147AA11A009D1279 /* InfoPlist.strings */,
				6643A160147AA11A009D1279 /* citylistdemo-Prefix.pch */,
				6643A161147AA11A009D1279 /* main.m */,
			);
			name = "Supporting Files";
			sourceTree = "<group>";
		};
		6643A174147AA192009D1279 /* citylist */ = {
			isa = PBXGroup;
			children = (
				6643A175147AA192009D1279 /* check.png */,
				6643A176147AA192009D1279 /* citydict.plist */,
				66625715147B54AE00ECF3CA /* CityListViewController.h */,
				66625716147B54AE00ECF3CA /* CityListViewController.m */,
				66625717147B54AE00ECF3CA /* CityListViewController.xib */,
			);
			path = citylist;
			sourceTree = "<group>";
		};
/* End PBXGroup section */

/* Begin PBXNativeTarget section */
		6643A14F147AA11A009D1279 /* citylistdemo */ = {
			isa = PBXNativeTarget;
			buildConfigurationList = 6643A171147AA11B009D1279 /* Build configuration list for PBXNativeTarget "citylistdemo" */;
			buildPhases = (
				6643A14C147AA11A009D1279 /* Sources */,
				6643A14D147AA11A009D1279 /* Frameworks */,
				6643A14E147AA11A009D1279 /* Resources */,
			);
			buildRules = (
			);
			dependencies = (
			);
			name = citylistdemo;
			productName = citylistdemo;
			productReference = 6643A150147AA11A009D1279 /* citylistdemo.app */;
			productType = "com.apple.product-type.application";
		};
/* End PBXNativeTarget section */

/* Begin PBXProject section */
		6643A147147AA11A009D1279 /* Project object */ = {
			isa = PBXProject;
			attributes = {
				LastUpgradeCheck = 0460;
			};
			buildConfigurationList = 6643A14A147AA11A009D1279 /* Build configuration list for PBXProject "citylistdemo" */;
			compatibilityVersion = "Xcode 3.2";
			developmentRegion = English;
			hasScannedForEncodings = 0;
			knownRegions = (
				en,
			);
			mainGroup = 6643A145147AA11A009D1279;
			productRefGroup = 6643A151147AA11A009D1279 /* Products */;
			projectDirPath = "";
			projectRoot = "";
			targets = (
				6643A14F147AA11A009D1279 /* citylistdemo */,
			);
		};
/* End PBXProject section */

/* Begin PBXResourcesBuildPhase section */
		6643A14E147AA11A009D1279 /* Resources */ = {
			isa = PBXResourcesBuildPhase;
			buildActionMask = 2147483647;
			files = (
				6643A15F147AA11A009D1279 /* InfoPlist.strings in Resources */,
				6643A168147AA11B009D1279 /* MainWindow.xib in Resources */,
				6643A16E147AA11B009D1279 /* citylistdemoViewController.xib in Resources */,
				6643A17A147AA192009D1279 /* check.png in Resources */,
				6643A17B147AA192009D1279 /* citydict.plist in Resources */,
				66625719147B54AE00ECF3CA /* CityListViewController.xib in Resources */,
				A227936C16F865800090F906 /* Default-568h@2x.png in Resources */,
			);
			runOnlyForDeploymentPostprocessing = 0;
		};
/* End PBXResourcesBuildPhase section */

/* Begin PBXSourcesBuildPhase section */
		6643A14C147AA11A009D1279 /* Sources */ = {
			isa = PBXSourcesBuildPhase;
			buildActionMask = 2147483647;
			files = (
				6643A162147AA11A009D1279 /* main.m in Sources */,
				6643A165147AA11A009D1279 /* citylistdemoAppDelegate.m in Sources */,
				6643A16B147AA11B009D1279 /* citylistdemoViewController.m in Sources */,
				66625718147B54AE00ECF3CA /* CityListViewController.m in Sources */,
			);
			runOnlyForDeploymentPostprocessing = 0;
		};
/* End PBXSourcesBuildPhase section */

/* Begin PBXVariantGroup section */
		6643A15D147AA11A009D1279 /* InfoPlist.strings */ = {
			isa = PBXVariantGroup;
			children = (
				6643A15E147AA11A009D1279 /* en */,
			);
			name = InfoPlist.strings;
			sourceTree = "<group>";
		};
		6643A166147AA11B009D1279 /* MainWindow.xib */ = {
			isa = PBXVariantGroup;
			children = (
				6643A167147AA11B009D1279 /* en */,
			);
			name = MainWindow.xib;
			sourceTree = "<group>";
		};
		6643A16C147AA11B009D1279 /* citylistdemoViewController.xib */ = {
			isa = PBXVariantGroup;
			children = (
				6643A16D147AA11B009D1279 /* en */,
			);
			name = citylistdemoViewController.xib;
			sourceTree = "<group>";
		};
/* End PBXVariantGroup section */

/* Begin XCBuildConfiguration section */
		6643A16F147AA11B009D1279 /* Debug */ = {
			isa = XCBuildConfiguration;
			buildSettings = {
				ARCHS = "$(ARCHS_STANDARD_32_BIT)";
				"CODE_SIGN_IDENTITY[sdk=iphoneos*]" = "iPhone Developer";
				GCC_C_LANGUAGE_STANDARD = gnu99;
				GCC_OPTIMIZATION_LEVEL = 0;
				GCC_PREPROCESSOR_DEFINITIONS = DEBUG;
				GCC_SYMBOLS_PRIVATE_EXTERN = NO;
				GCC_VERSION = com.apple.compilers.llvmgcc42;
				GCC_WARN_ABOUT_RETURN_TYPE = YES;
				GCC_WARN_UNUSED_VARIABLE = YES;
				IPHONEOS_DEPLOYMENT_TARGET = 4.3;
				SDKROOT = iphoneos;
			};
			name = Debug;
		};
		6643A170147AA11B009D1279 /* Release */ = {
			isa = XCBuildConfiguration;
			buildSettings = {
				ARCHS = "$(ARCHS_STANDARD_32_BIT)";
				"CODE_SIGN_IDENTITY[sdk=iphoneos*]" = "iPhone Developer";
				GCC_C_LANGUAGE_STANDARD = gnu99;
				GCC_VERSION = com.apple.compilers.llvmgcc42;
				GCC_WARN_ABOUT_RETURN_TYPE = YES;
				GCC_WARN_UNUSED_VARIABLE = YES;
				IPHONEOS_DEPLOYMENT_TARGET = 4.3;
				OTHER_CFLAGS = "-DNS_BLOCK_ASSERTIONS=1";
				SDKROOT = iphoneos;
			};
			name = Release;
		};
		6643A172147AA11B009D1279 /* Debug */ = {
			isa = XCBuildConfiguration;
			buildSettings = {
				ALWAYS_SEARCH_USER_PATHS = NO;
				COPY_PHASE_STRIP = NO;
				GCC_DYNAMIC_NO_PIC = NO;
				GCC_PRECOMPILE_PREFIX_HEADER = YES;
				GCC_PREFIX_HEADER = "citylistdemo/citylistdemo-Prefix.pch";
				GCC_VERSION = com.apple.compilers.llvm.clang.1_0;
				INFOPLIST_FILE = "citylistdemo/citylistdemo-Info.plist";
				PRODUCT_NAME = "$(TARGET_NAME)";
				WRAPPER_EXTENSION = app;
			};
			name = Debug;
		};
		6643A173147AA11B009D1279 /* Release */ = {
			isa = XCBuildConfiguration;
			buildSettings = {
				ALWAYS_SEARCH_USER_PATHS = NO;
				COPY_PHASE_STRIP = YES;
				GCC_PRECOMPILE_PREFIX_HEADER = YES;
				GCC_PREFIX_HEADER = "citylistdemo/citylistdemo-Prefix.pch";
				GCC_VERSION = com.apple.compilers.llvm.clang.1_0;
				INFOPLIST_FILE = "citylistdemo/citylistdemo-Info.plist";
				PRODUCT_NAME = "$(TARGET_NAME)";
				VALIDATE_PRODUCT = YES;
				WRAPPER_EXTENSION = app;
			};
			name = Release;
		};
/* End XCBuildConfiguration section */

/* Begin XCConfigurationList section */
		6643A14A147AA11A009D1279 /* Build configuration list for PBXProject "citylistdemo" */ = {
			isa = XCConfigurationList;
			buildConfigurations = (
				6643A16F147AA11B009D1279 /* Debug */,
				6643A170147AA11B009D1279 /* Release */,
			);
			defaultConfigurationIsVisible = 0;
			defaultConfigurationName = Release;
		};
		6643A171147AA11B009D1279 /* Build configuration list for PBXNativeTarget "citylistdemo" */ = {
			isa = XCConfigurationList;
			buildConfigurations = (
				6643A172147AA11B009D1279 /* Debug */,
				6643A173147AA11B009D1279 /* Release */,
			);
			defaultConfigurationIsVisible = 0;
			defaultConfigurationName = Release;
		};
/* End XCConfigurationList section */
	};
	rootObject = 6643A147147AA11A009D1279 /* Project object */;
}
